
Microsoft Visual Studio Solution File, Format Version 12.00
# Visual Studio 15
VisualStudioVersion = 15.0.27428.2005
MinimumVisualStudioVersion = 10.0.40219.1
Project("{FAE04EC0-301F-11D3-BF4B-00C04F79EFBC}") = "VigenereCipher", "VigenereCipher\VigenereCipher.csproj", "{BA627937-2582-45FB-9D62-F855791FA476}"
EndProject
Global
	GlobalSection(SolutionConfigurationPlatforms) = preSolution
		Debug|Any CPU = Debug|Any CPU
		Release|Any CPU = Release|Any CPU
	EndGlobalSection
	GlobalSection(ProjectConfigurationPlatforms) = postSolution
		{BA627937-2582-45FB-9D62-F855791FA476}.Debug|Any CPU.ActiveCfg = Debug|Any CPU
		{BA627937-2582-45FB-9D62-F855791FA476}.Debug|Any CPU.Build.0 = Debug|Any CPU
		{BA627937-2582-45FB-9D62-F855791FA476}.Release|Any CPU.ActiveCfg = Release|Any CPU
		{BA627937-2582-45FB-9D62-F855791FA476}.Release|Any CPU.Build.0 = Release|Any CPU
	EndGlobalSection
	GlobalSection(SolutionProperties) = preSolution
		HideSolutionNode = FALSE
	EndGlobalSection
	GlobalSection(ExtensibilityGlobals) = postSolution
		SolutionGuid = {2BAB3DE8-860E-4F79-B987-1E0CD83C7E1C}
	EndGlobalSection
EndGlobal
